
Microsoft Visual Studio Solution File, Format Version 12.00
# Visual Studio Version 17
VisualStudioVersion = 17.4.33205.214
MinimumVisualStudioVersion = 10.0.40219.1
Project("{9A19103F-16F7-4668-BE54-9A1E7A4F7556}") = "ClinicaVet.GestaoVeterinaria", "ClinicaVet.GestaoVeterinaria.csproj", "{F9772D7A-9982-46DB-B002-E5BA7213222C}"
EndProject
Global
	GlobalSection(SolutionConfigurationPlatforms) = preSolution
		Debug|Any CPU = Debug|Any CPU
		Release|Any CPU = Release|Any CPU
	EndGlobalSection
	GlobalSection(ProjectConfigurationPlatforms) = postSolution
		{F9772D7A-9982-46DB-B002-E5BA7213222C}.Debug|Any CPU.ActiveCfg = Debug|Any CPU
		{F9772D7A-9982-46DB-B002-E5BA7213222C}.Debug|Any CPU.Build.0 = Debug|Any CPU
		{F9772D7A-9982-46DB-B002-E5BA7213222C}.Release|Any CPU.ActiveCfg = Release|Any CPU
		{F9772D7A-9982-46DB-B002-E5BA7213222C}.Release|Any CPU.Build.0 = Release|Any CPU
	EndGlobalSection
	GlobalSection(SolutionProperties) = preSolution
		HideSolutionNode = FALSE
	EndGlobalSection
	GlobalSection(ExtensibilityGlobals) = postSolution
		SolutionGuid = {6744D22D-D9B9-499C-B9E0-DEC2A24EA033}
	EndGlobalSection
EndGlobal
